<Solution>
  <Folder Name="/database/" />
  <Folder Name="/database/scripts/">
    <File Path="database/scripts/000_Create_Database.sql" />
    <File Path="database/scripts/001_Create_Announcements_Table.sql" />
    <File Path="database/scripts/002_Create_StoredProcedures.sql" />
  </Folder>
  <Folder Name="/src/">
    <Project Path="src/BulletinBoard.Api/BulletinBoard.Api.csproj" />
    <Project Path="src/BulletinBoard.Core/BulletinBoard.Core.csproj" />
    <Project Path="src/BulletinBoard.Infrastructure/BulletinBoard.Infrastructure.csproj" Id="36c1b3d1-f98b-4f3d-82bc-391e1aeaabc8" />
    <Project Path="src/BulletinBoard.UI/BulletinBoard.UI.csproj" />
  </Folder>
  <Folder Name="/tests/">
    <Project Path="tests/BulletinBoard.Tests/BulletinBoard.Tests.csproj" Id="89044e44-ae85-4876-9f74-94f36ce31a96" />
  </Folder>
</Solution>
