<Solution>
  <Folder Name="/database/" />
  <Folder Name="/database/scripts/">
    <File Path="000_Create_Database.sql" />
    <File Path="001_Create_Announcements_Table.sql" />
  </Folder>
  <Folder Name="/src/">
    <Project Path="src/BulletinBoard.Api/BulletinBoard.Api.csproj" />
    <Project Path="src/BulletinBoard.Core/BulletinBoard.Core.csproj" />
    <Project Path="src/BulletinBoard.UI/BulletinBoard.UI.csproj" />
  </Folder>
</Solution>
